
Microsoft Visual Studio Solution File, Format Version 12.00
# Visual Studio Version 16
VisualStudioVersion = 16.0.31613.86
MinimumVisualStudioVersion = 10.0.40219.1
Project("{FAE04EC0-301F-11D3-BF4B-00C04F79EFBC}") = "RTOApplication", "RTOApplication.csproj", "{70C1ECD2-2680-496C-8EDD-3BB1E46EE0C2}"
EndProject
Global
	GlobalSection(SolutionConfigurationPlatforms) = preSolution
		Debug|Any CPU = Debug|Any CPU
		Release|Any CPU = Release|Any CPU
	EndGlobalSection
	GlobalSection(ProjectConfigurationPlatforms) = postSolution
		{70C1ECD2-2680-496C-8EDD-3BB1E46EE0C2}.Debug|Any CPU.ActiveCfg = Debug|Any CPU
		{70C1ECD2-2680-496C-8EDD-3BB1E46EE0C2}.Debug|Any CPU.Build.0 = Debug|Any CPU
		{70C1ECD2-2680-496C-8EDD-3BB1E46EE0C2}.Release|Any CPU.ActiveCfg = Release|Any CPU
		{70C1ECD2-2680-496C-8EDD-3BB1E46EE0C2}.Release|Any CPU.Build.0 = Release|Any CPU
	EndGlobalSection
	GlobalSection(SolutionProperties) = preSolution
		HideSolutionNode = FALSE
	EndGlobalSection
	GlobalSection(ExtensibilityGlobals) = postSolution
		SolutionGuid = {FB642FA5-C9EE-4375-99EA-A5C9FD5D748E}
	EndGlobalSection
EndGlobal
